# This file is autogenerated, do not edit; changes may be undone by the next 'dep ensure'.


[[projects]]
  branch = "master"
  digest = "1:6da51e5ec493ad2b44cb04129e2d0a068c8fb9bd6cb5739d199573558696bb94"
  name = "github.com/Azure/go-ansiterm"
  packages = [
    ".",
    "winterm",
  ]
  pruneopts = "UT"
  revision = "d6e3b3328b783f23731bc4d058875b0371ff8109"

[[projects]]
  digest = "1:d37f34e1e231ee4b8657d1b6153e2696b1d7341850f648f5d78151d3bc1f677b"
  name = "github.com/Masterminds/semver"
  packages = ["."]
  pruneopts = "UT"
  revision = "fe7c21038085e01e67044ec1efe3afb1eaa59f75"
  version = "v3.0.1"

[[projects]]
  digest = "1:d5e752c67b445baa5b6cb6f8aa706775c2aa8e41aca95a0c651520ff2c80361a"
  name = "github.com/Microsoft/go-winio"
  packages = [
    ".",
    "pkg/guid",
  ]
  pruneopts = "UT"
  revision = "6c72808b55902eae4c5943626030429ff20f3b63"
  version = "v0.4.14"

[[projects]]
  digest = "1:202bd5fb18d2d38b8f3d111cce6d90ed02ae6b7b9c80be96b71289d2bddd83ea"
  name = "github.com/Microsoft/hcsshim"
  packages = [
    ".",
    "internal/guestrequest",
    "internal/guid",
    "internal/hcs",
    "internal/hcserror",
    "internal/hns",
    "internal/interop",
    "internal/logfields",
    "internal/longpath",
    "internal/mergemaps",
    "internal/safefile",
    "internal/schema1",
    "internal/schema2",
    "internal/timeout",
    "internal/wclayer",
    "osversion",
  ]
  pruneopts = "UT"
  revision = "f92b8fb9c92e17da496af5a69e3ee13fbe9916e1"
  version = "v0.8.6"

[[projects]]
  branch = "master"
  digest = "1:47ea4fbe2ab4aeb9808502c51e657041c2e49b36b83fc1c1a349135cdf16342f"
  name = "github.com/agl/ed25519"
  packages = [
    ".",
    "edwards25519",
  ]
  pruneopts = "UT"
  revision = "5312a61534124124185d41f09206b9fef1d88403"

[[projects]]
  digest = "1:d6afaeed1502aa28e80a4ed0981d570ad91b2579193404256ce672ed0a609e0d"
  name = "github.com/beorn7/perks"
  packages = ["quantile"]
  pruneopts = "UT"
  revision = "37c8de3658fcb183f997c4e13e8337516ab753e6"
  version = "v1.0.1"

[[projects]]
  digest = "1:a88c7357e618d3c08576a4b65cb12cdd01cae609dece53542172728ed8e96c20"
  name = "github.com/containerd/containerd"
  packages = [
    ".",
    "api/services/containers/v1",
    "api/services/content/v1",
    "api/services/diff/v1",
    "api/services/events/v1",
    "api/services/images/v1",
    "api/services/introspection/v1",
    "api/services/leases/v1",
    "api/services/namespaces/v1",
    "api/services/snapshots/v1",
    "api/services/tasks/v1",
    "api/services/version/v1",
    "api/types",
    "api/types/task",
    "archive",
    "archive/compression",
    "cio",
    "containers",
    "content",
    "content/proxy",
    "defaults",
    "diff",
    "errdefs",
    "events",
    "events/exchange",
    "filters",
    "identifiers",
    "images",
    "images/archive",
    "labels",
    "leases",
    "leases/proxy",
    "log",
    "mount",
    "namespaces",
    "oci",
    "pkg/dialer",
    "platforms",
    "plugin",
    "reference",
    "remotes",
    "remotes/docker",
    "remotes/docker/schema1",
    "rootfs",
    "runtime/linux/runctypes",
    "runtime/v2/runc/options",
    "snapshots",
    "snapshots/proxy",
    "sys",
    "version",
  ]
  pruneopts = "UT"
  revision = "36cf5b690dcc00ff0f34ff7799209050c3d0c59a"
  version = "v1.3.0"

[[projects]]
  branch = "master"
  digest = "1:33d9066d4a56cf6de4e81e37d85758f46ea154e874503cd2a0bf7a8b934fa203"
  name = "github.com/containerd/continuity"
  packages = [
    "fs",
    "syscallx",
    "sysx",
  ]
  pruneopts = "UT"
  revision = "75bee3e2ccb6402e3a986ab8bd3b17003fc0fdec"

[[projects]]
  branch = "master"
  digest = "1:1b9a7426259b5333d575785e21e1bd0decf18208f5bfb6424d24a50d5ddf83d0"
  name = "github.com/containerd/fifo"
  packages = ["."]
  pruneopts = "UT"
  revision = "bda0ff6ed73c67bfb5e62bc9c697f146b7fd7f13"

[[projects]]
  branch = "master"
  digest = "1:57b2695f9a8f69630f74608b9718cd9ad70ebc656914241fe74a4de205258b11"
  name = "github.com/containerd/ttrpc"
  packages = ["."]
  pruneopts = "UT"
  revision = "4f1b8fe65a5c6ab7ecd74a227d6cde85b519af35"

[[projects]]
  branch = "master"
  digest = "1:2d9e98c5cc608ee6880070bc6ad7c7baa38c0ce63af13700d77f1a9fcb9a3f09"
  name = "github.com/containerd/typeurl"
  packages = ["."]
  pruneopts = "UT"
  revision = "5eb25027c9fdd675e1db2bd25af02f5db75027ab"

[[projects]]
  digest = "1:ffe9824d294da03b391f44e1ae8281281b4afc1bdaa9588c9097785e3af10cec"
  name = "github.com/davecgh/go-spew"
  packages = ["spew"]
  pruneopts = "UT"
  revision = "8991bc29aa16c548c550c7ff78260e27b9ab7c73"
  version = "v1.1.1"

[[projects]]
  digest = "1:5aff2b66b4048f665096e38d8aeeec00e370348861f31358e9e174c177e81000"
  name = "github.com/deislabs/cnab-go"
  packages = [
    "bundle",
    "bundle/definition",
  ]
  pruneopts = "UT"
  revision = "a1f17dcdaaff3e06c95ed85c3a34c21c35833831"
  version = "v0.7.1-beta1"

[[projects]]
  branch = "master"
  digest = "1:91ce1d49ffe26a928c0ed1e42f0e045a38e731b86f5426013fa99abd420bba71"
  name = "github.com/docker/app"
  packages = [
    "internal",
    "internal/yaml",
    "specification",
    "types",
    "types/metadata",
    "types/parameters",
  ]
  pruneopts = "UT"
  revision = "3e2545dcf4fa49844e2f6c9cb8aeb55e18cf19a4"

[[projects]]
  digest = "1:61b93063c7fca5abe5eb129e565e14ce79368d38e3cd20b36e7daa43b87a3c8e"
  name = "github.com/docker/cli"
  packages = [
    "cli/command",
    "cli/compose/interpolation",
    "cli/compose/loader",
    "cli/compose/schema",
    "cli/compose/template",
    "cli/compose/types",
    "cli/config",
    "cli/config/configfile",
    "cli/config/credentials",
    "cli/config/types",
    "cli/connhelper",
    "cli/connhelper/commandconn",
    "cli/connhelper/ssh",
    "cli/context",
    "cli/context/docker",
    "cli/context/kubernetes",
    "cli/context/store",
    "cli/debug",
    "cli/flags",
    "cli/manifest/store",
    "cli/manifest/types",
    "cli/registry/client",
    "cli/streams",
    "cli/trust",
    "cli/version",
    "internal/containerizedengine",
    "internal/versions",
    "opts",
    "types",
  ]
  pruneopts = "UT"
  revision = "2355349d8b99ea2c15bbdd7f1f203fa078e9bb4e"
  version = "v19.03.4"

[[projects]]
  digest = "1:ff5d565ba346a85086c63a6f0f12f9d49bcf0337931d792c0f6f1b1325757726"
  name = "github.com/docker/compose-on-kubernetes"
  packages = ["api"]
  pruneopts = "UT"
  revision = "c8257fb7e45a5ee9a0ced6e0baccb47e44df45b9"
  version = "v0.4.24"

[[projects]]
  digest = "1:b375e031f9124a02189d37d1b0d63bb3d9ec241c6ae1ae5c6e25c74d166c3e4f"
  name = "github.com/docker/distribution"
  packages = [
    ".",
    "digestset",
    "manifest",
    "manifest/manifestlist",
    "manifest/schema2",
    "metrics",
    "reference",
    "registry/api/errcode",
    "registry/api/v2",
    "registry/client",
    "registry/client/auth",
    "registry/client/auth/challenge",
    "registry/client/transport",
    "registry/storage/cache",
    "registry/storage/cache/memory",
    "uuid",
  ]
  pruneopts = "UT"
  revision = "0d3efadf0154c2b8a4e7b6621fff9809655cc580"

[[projects]]
  branch = "master"
  digest = "1:7e750e9491235f66f0537613573794073b7648ce8cc4c9bcde5548db422d4155"
  name = "github.com/docker/docker"
  packages = [
    "api",
    "api/types",
    "api/types/blkiodev",
    "api/types/container",
    "api/types/events",
    "api/types/filters",
    "api/types/image",
    "api/types/mount",
    "api/types/network",
    "api/types/registry",
    "api/types/strslice",
    "api/types/swarm",
    "api/types/swarm/runtime",
    "api/types/time",
    "api/types/versions",
    "api/types/volume",
    "client",
    "errdefs",
    "pkg/homedir",
    "pkg/ioutils",
    "pkg/jsonmessage",
    "pkg/longpath",
    "pkg/mount",
    "pkg/stringid",
    "pkg/system",
    "pkg/tarsum",
    "pkg/term",
    "pkg/term/windows",
    "registry",
    "registry/resumable",
  ]
  pruneopts = "UT"
  revision = "7cb46617fcc1071963ab59d81082eab3e3ef8f9d"

[[projects]]
  digest = "1:9f3f49b4e32d3da2dd6ed07cc568627b53cc80205c0dcf69f4091f027416cb60"
  name = "github.com/docker/docker-credential-helpers"
  packages = [
    "client",
    "credentials",
  ]
  pruneopts = "UT"
  revision = "54f0238b6bf101fc3ad3b34114cb5520beb562f5"
  version = "v0.6.3"

[[projects]]
  digest = "1:44fd27d0559326eb63ee0b7b5c80832c821761ff6d1b9cc4ad075783485a5837"
  name = "github.com/docker/go"
  packages = ["canonical/json"]
  pruneopts = "UT"
  revision = "62e5ec7cf43f795986ec658df7cb317255772993"
  version = "v1.5.1-1"

[[projects]]
  digest = "1:811c86996b1ca46729bad2724d4499014c4b9effd05ef8c71b852aad90deb0ce"
  name = "github.com/docker/go-connections"
  packages = [
    "nat",
    "sockets",
    "tlsconfig",
  ]
  pruneopts = "UT"
  revision = "7395e3f8aa162843a74ed6d48e79627d9792ac55"
  version = "v0.4.0"

[[projects]]
  branch = "master"
  digest = "1:5586484a16d5ffa7effcf512b4153c907ec89f870eea3df276f1486f6a0d1671"
  name = "github.com/docker/go-events"
  packages = ["."]
  pruneopts = "UT"
  revision = "e31b211e4f1cd09aa76fe4ac244571fab96ae47f"

[[projects]]
  digest = "1:9f1c706b956b58bbe2a420082dd47df25329a082ae873fdd43c175b09887cea8"
  name = "github.com/docker/go-metrics"
  packages = ["."]
  pruneopts = "UT"
  revision = "b619b3592b65de4f087d9f16863a7e6ff905973c"
  version = "v0.0.1"

[[projects]]
  digest = "1:e95ef557dc3120984bb66b385ae01b4bb8ff56bcde28e7b0d1beed0cccc4d69f"
  name = "github.com/docker/go-units"
  packages = ["."]
  pruneopts = "UT"
  revision = "519db1ee28dcc9fd2474ae59fca29a810482bfb1"
  version = "v0.4.0"

[[projects]]
  digest = "1:47a3a32a601f3c29b25352d553f1bbd6b30dc5accdc03df1b172f1f9c6c77d27"
  name = "github.com/gogo/googleapis"
  packages = ["google/rpc"]
  pruneopts = "UT"
  revision = "0cd1026ed3d2e6809dc241eff2e2163ec715d38e"
  version = "v1.3.0"

[[projects]]
  digest = "1:90d79bbf6abc5fcbf9bc538766e523f7d33d07d7fda462fc299556a80dc03a7d"
  name = "github.com/gogo/protobuf"
  packages = [
    "proto",
    "sortkeys",
    "types",
  ]
  pruneopts = "UT"
  revision = "5628607bb4c51c3157aacc3a50f0ab707582b805"
  version = "v1.3.1"

[[projects]]
  digest = "1:f5ce1529abc1204444ec73779f44f94e2fa8fcdb7aca3c355b0c95947e4005c6"
  name = "github.com/golang/protobuf"
  packages = [
    "proto",
    "ptypes",
    "ptypes/any",
    "ptypes/duration",
    "ptypes/timestamp",
  ]
  pruneopts = "UT"
  revision = "6c65a5562fc06764971b7c5d05c76c75e84bdbf7"
  version = "v1.3.2"

[[projects]]
  digest = "1:a6181aca1fd5e27103f9a920876f29ac72854df7345a39f3b01e61c8c94cc8af"
  name = "github.com/google/gofuzz"
  packages = ["."]
  pruneopts = "UT"
  revision = "f140a6486e521aad38f5917de355cbf147cc0496"
  version = "v1.0.0"

[[projects]]
  digest = "1:e3f17aa0eb8c151426d23cb767ae50f5b42c46533db3424761ee639b56ab9041"
  name = "github.com/gorhill/cronexpr"
  packages = ["."]
  pruneopts = "UT"
  revision = "a557574d6c024ed6e36acc8b610f5f211c91568a"
  version = "1.0.0"

[[projects]]
  digest = "1:cbec35fe4d5a4fba369a656a8cd65e244ea2c743007d8f6c1ccb132acf9d1296"
  name = "github.com/gorilla/mux"
  packages = ["."]
  pruneopts = "UT"
  revision = "00bdffe0f3c77e27d2cf6f5c70232a2d3e4d9c15"
  version = "v1.7.3"

[[projects]]
  digest = "1:e62657cca9badaa308d86e7716083e4c5933bb78e30a17743fc67f50be26f6f4"
  name = "github.com/gorilla/websocket"
  packages = ["."]
  pruneopts = "UT"
  revision = "c3e18be99d19e6b3e8f1559eea2c161a665c4b6b"
  version = "v1.4.1"

[[projects]]
  digest = "1:af105c7c5dc0b4ae41991f122cae860b9600f7d226072c2a83127048c991660c"
  name = "github.com/hashicorp/go-cleanhttp"
  packages = ["."]
  pruneopts = "UT"
  revision = "eda1e5db218aad1db63ca4642c8906b26bcf2744"
  version = "v0.5.1"

[[projects]]
  digest = "1:7b893c9e1181e224506c523777dea0d16f4bd20a7627b100cc800e14229f405c"
  name = "github.com/hashicorp/go-rootcerts"
  packages = ["."]
  pruneopts = "UT"
  revision = "df8e78a645e18d56ed7bb9ae10ffb8174ab892e2"
  version = "v1.0.1"

[[projects]]
  digest = "1:88e0b0baeb9072f0a4afbcf12dda615fc8be001d1802357538591155998da21b"
  name = "github.com/hashicorp/go-version"
  packages = ["."]
  pruneopts = "UT"
  revision = "ac23dc3fea5d1a983c43f6a0f6e2c13f0195d8bd"
  version = "v1.2.0"

[[projects]]
  digest = "1:5a56021cd04588774f38b280ef9e518da6170f7ab9ffaebf0a3c2a2d63f8f12c"
  name = "github.com/hashicorp/nomad"
  packages = [
    "api",
    "api/contexts",
  ]
  pruneopts = "UT"
  revision = "6a8b80b619aa98df8dbd94f1cb9d3f4614f2cb3d"
  version = "v0.10.0"

[[projects]]
  digest = "1:78d28d5b84a26159c67ea51996a230da4bc07cac648adaae1dfb5fc0ec8e40d3"
  name = "github.com/imdario/mergo"
  packages = ["."]
  pruneopts = "UT"
  revision = "1afb36080aec31e0d1528973ebe6721b191b0369"
  version = "v0.3.8"

[[projects]]
  digest = "1:870d441fe217b8e689d7949fef6e43efbc787e50f200cb1e70dbca9204a1d6be"
  name = "github.com/inconshreveable/mousetrap"
  packages = ["."]
  pruneopts = "UT"
  revision = "76626ae9c91c4f2a10f34cad8ce83ea42c93bb75"
  version = "v1.0"

[[projects]]
  digest = "1:beb5b4f42a25056f0aa291b5eadd21e2f2903a05d15dfe7caf7eaee7e12fa972"
  name = "github.com/json-iterator/go"
  packages = ["."]
  pruneopts = "UT"
  revision = "03217c3e97663914aec3faafde50d081f197a0a2"
  version = "v1.1.8"

[[projects]]
  digest = "1:31e761d97c76151dde79e9d28964a812c46efc5baee4085b86f68f0c654450de"
  name = "github.com/konsorten/go-windows-terminal-sequences"
  packages = ["."]
  pruneopts = "UT"
  revision = "f55edac94c9bbba5d6182a4be46d86a2c9b5b50e"
  version = "v1.0.2"

[[projects]]
  digest = "1:b90909aa4b7f812a3edd47632c78dbd4d151df1ab82374a7e0a955c00504f40a"
  name = "github.com/mattn/go-shellwords"
  packages = ["."]
  pruneopts = "UT"
  revision = "36a9b3c57cb5caa559ff63fb7e9b585f1c00df75"
  version = "v1.0.6"

[[projects]]
  digest = "1:ff5ebae34cfbf047d505ee150de27e60570e8c394b3b8fdbb720ff6ac71985fc"
  name = "github.com/matttproud/golang_protobuf_extensions"
  packages = ["pbutil"]
  pruneopts = "UT"
  revision = "c12348ce28de40eed0136aa2b644d0ee0650e56c"
  version = "v1.0.1"

[[projects]]
  digest = "1:4e6747259a47ce5cd9dc04bbaef87b8e061b32038f428c05db7179e5ec3e47ff"
  name = "github.com/miekg/pkcs11"
  packages = ["."]
  pruneopts = "UT"
  revision = "210dc1e16747c5ba98a03bcbcf728c38086ea357"
  version = "v1.0.3"

[[projects]]
  digest = "1:5d231480e1c64a726869bc4142d270184c419749d34f167646baa21008eb0a79"
  name = "github.com/mitchellh/go-homedir"
  packages = ["."]
  pruneopts = "UT"
  revision = "af06845cf3004701891bf4fdb884bfe4920b3727"
  version = "v1.1.0"

[[projects]]
  digest = "1:53bc4cd4914cd7cd52139990d5170d6dc99067ae31c56530621b18b35fc30318"
  name = "github.com/mitchellh/mapstructure"
  packages = ["."]
  pruneopts = "UT"
  revision = "3536a929edddb9a5b34bd6861dc4a9647cb459fe"
  version = "v1.1.2"

[[projects]]
  digest = "1:33422d238f147d247752996a26574ac48dcf472976eda7f5134015f06bf16563"
  name = "github.com/modern-go/concurrent"
  packages = ["."]
  pruneopts = "UT"
  revision = "bacd9c7ef1dd9b15be4a9909b8ac7a4e313eec94"
  version = "1.0.3"

[[projects]]
  digest = "1:e32bdbdb7c377a07a9a46378290059822efdce5c8d96fe71940d87cb4f918855"
  name = "github.com/modern-go/reflect2"
  packages = ["."]
  pruneopts = "UT"
  revision = "4b7aa43c6742a2c18fdef89dd197aaae7dac7ccd"
  version = "1.0.1"

[[projects]]
  digest = "1:906eb1ca3c8455e447b99a45237b2b9615b665608fd07ad12cce847dd9a1ec43"
  name = "github.com/morikuni/aec"
  packages = ["."]
  pruneopts = "UT"
  revision = "39771216ff4c63d11f5e604076f9c45e8be1067b"
  version = "v1.0.0"

[[projects]]
  digest = "1:ee4d4af67d93cc7644157882329023ce9a7bcfce956a079069a9405521c7cc8d"
  name = "github.com/opencontainers/go-digest"
  packages = ["."]
  pruneopts = "UT"
  revision = "279bed98673dd5bef374d3b6e4b09e2af76183bf"
  version = "v1.0.0-rc1"

[[projects]]
  digest = "1:70711188c19c53147099d106169d6a81941ed5c2658651432de564a7d60fd288"
  name = "github.com/opencontainers/image-spec"
  packages = [
    "identity",
    "specs-go",
    "specs-go/v1",
  ]
  pruneopts = "UT"
  revision = "d60099175f88c47cd379c4738d158884749ed235"
  version = "v1.0.1"

[[projects]]
  digest = "1:1869683e323ebff2bdf8adcb560f82bf6f8d94019d35099e3403f7df12e9c07e"
  name = "github.com/opencontainers/runc"
  packages = [
    "libcontainer/system",
    "libcontainer/user",
  ]
  pruneopts = "UT"
  revision = "baf6536d6259209c3edfa2b22237af82942d3dfa"
  version = "v0.1.1"

[[projects]]
  digest = "1:57234a321bf1f8f98a8a9a5122a2404cc60d0800516f4ab7a7b2375e4b2d19ea"
  name = "github.com/opencontainers/runtime-spec"
  packages = ["specs-go"]
  pruneopts = "UT"
  revision = "4e3b9264a330d094b0386c3703c5f379119711e8"
  version = "v1.0.1"

[[projects]]
  digest = "1:cf31692c14422fa27c83a05292eb5cbe0fb2775972e8f1f8446a71549bd8980b"
  name = "github.com/pkg/errors"
  packages = ["."]
  pruneopts = "UT"
  revision = "ba968bfe8b2f7e042a574c888954fccecfa385b4"
  version = "v0.8.1"

[[projects]]
  digest = "1:eb04f69c8991e52eff33c428bd729e04208bf03235be88e4df0d88497c6861b9"
  name = "github.com/prometheus/client_golang"
  packages = [
    "prometheus",
    "prometheus/internal",
    "prometheus/promhttp",
  ]
  pruneopts = "UT"
  revision = "170205fb58decfd011f1550d4cfb737230d7ae4f"
  version = "v1.1.0"

[[projects]]
  branch = "master"
  digest = "1:2d5cd61daa5565187e1d96bae64dbbc6080dacf741448e9629c64fd93203b0d4"
  name = "github.com/prometheus/client_model"
  packages = ["go"]
  pruneopts = "UT"
  revision = "14fe0d1b01d4d5fc031dd4bec1823bd3ebbe8016"

[[projects]]
  digest = "1:f119e3205d3a1f0f19dbd7038eb37528e2c6f0933269dc344e305951fb87d632"
  name = "github.com/prometheus/common"
  packages = [
    "expfmt",
    "internal/bitbucket.org/ww/goautoneg",
    "model",
  ]
  pruneopts = "UT"
  revision = "287d3e634a1e550c9e463dd7e5a75a422c614505"
  version = "v0.7.0"

[[projects]]
  digest = "1:a210815b437763623ecca8eb91e6a0bf4f2d6773c5a6c9aec0e28f19e5fd6deb"
  name = "github.com/prometheus/procfs"
  packages = [
    ".",
    "internal/fs",
    "internal/util",
  ]
  pruneopts = "UT"
  revision = "499c85531f756d1129edd26485a5f73871eeb308"
  version = "v0.0.5"

[[projects]]
  digest = "1:d235e49bf6cae4fe6a794352b5e74656f9e3c15b1f6b097b0382865414110e2e"
  name = "github.com/qri-io/jsonpointer"
  packages = ["."]
  pruneopts = "UT"
  revision = "43be820608971e680b60469cfc7cc0e2e75fd4ef"
  version = "v0.1.0"

[[projects]]
  digest = "1:86a61771e3006eeb78ab8a7942c3a9dbae1aca96ab48df505357a6a93f7bc3fa"
  name = "github.com/qri-io/jsonschema"
  packages = ["."]
  pruneopts = "UT"
  revision = "b244d4b99401d163bd9e382fd58698794259d091"
  version = "v0.1.1"

[[projects]]
  digest = "1:04457f9f6f3ffc5fea48e71d62f2ca256637dee0a04d710288e27e05c8b41976"
  name = "github.com/sirupsen/logrus"
  packages = ["."]
  pruneopts = "UT"
  revision = "839c75faf7f98a33d445d181f3018b5c3409a45e"
  version = "v1.4.2"

[[projects]]
  digest = "1:e096613fb7cf34743d49af87d197663cfccd61876e2219853005a57baedfa562"
  name = "github.com/spf13/cobra"
  packages = ["."]
  pruneopts = "UT"
  revision = "f2b07da1e2c38d5f12845a4f607e2e1018cbb1f5"
  version = "v0.0.5"

[[projects]]
  digest = "1:524b71991fc7d9246cc7dc2d9e0886ccb97648091c63e30eef619e6862c955dd"
  name = "github.com/spf13/pflag"
  packages = ["."]
  pruneopts = "UT"
  revision = "2e9d26c8c37aae03e3f9d4e90b7116f5accb7cab"
  version = "v1.0.5"

[[projects]]
  branch = "master"
  digest = "1:e14e467ed00ab98665623c5060fa17e3d7079be560ffc33cabafd05d35894f05"
  name = "github.com/syndtr/gocapability"
  packages = ["capability"]
  pruneopts = "UT"
  revision = "d98352740cb2c55f81556b63d4a1ec64c5a319c2"

[[projects]]
  digest = "1:3b65d4044b1331df2a369f8e75eef5972eb0c28a90159d25e317db2cee95a3b6"
  name = "github.com/theupdateframework/notary"
  packages = [
    ".",
    "client",
    "client/changelist",
    "cryptoservice",
    "passphrase",
    "storage",
    "trustmanager",
    "trustmanager/yubikey",
    "trustpinning",
    "tuf",
    "tuf/data",
    "tuf/signed",
    "tuf/utils",
    "tuf/validation",
  ]
  pruneopts = "UT"
  revision = "d6e1431feb32348e0650bf7551ac5cffd01d857b"
  version = "v0.6.1"

[[projects]]
  branch = "master"
  digest = "1:87fe9bca786484cef53d52adeec7d1c52bc2bfbee75734eddeb75fc5c7023871"
  name = "github.com/xeipuuv/gojsonpointer"
  packages = ["."]
  pruneopts = "UT"
  revision = "02993c407bfbf5f6dae44c4f4b1cf6a39b5fc5bb"

[[projects]]
  branch = "master"
  digest = "1:dc6a6c28ca45d38cfce9f7cb61681ee38c5b99ec1425339bfc1e1a7ba769c807"
  name = "github.com/xeipuuv/gojsonreference"
  packages = ["."]
  pruneopts = "UT"
  revision = "bd5ef7bd5415a7ac448318e64f11a24cd21e594b"

[[projects]]
  digest = "1:ed03edd0c95dab9816dbb3d97c071f24b68403dd109cf1124b3d51c985c0da5b"
  name = "github.com/xeipuuv/gojsonschema"
  packages = ["."]
  pruneopts = "UT"
  revision = "93e72a773fade158921402d6a24c819b48aba29d"

[[projects]]
  branch = "master"
  digest = "1:35ce874cf16f78a2da908ab28b0277497e36603d289db00d39da5200bc8ace08"
  name = "golang.org/x/crypto"
  packages = [
    "pbkdf2",
    "ssh/terminal",
  ]
  pruneopts = "UT"
  revision = "8986dd9e96cf0a6f74da406c005ba3df38527c04"

[[projects]]
  branch = "master"
  digest = "1:60dc5bc60f5ec42121f8b90de6f86bd1f708b6422114a02012395d43e377e757"
  name = "golang.org/x/net"
  packages = [
    "context",
    "context/ctxhttp",
    "http/httpguts",
    "http2",
    "http2/hpack",
    "idna",
    "internal/socks",
    "internal/timeseries",
    "proxy",
    "trace",
  ]
  pruneopts = "UT"
  revision = "fe3aa8a4527195a6057b3fad46619d7d090e99b5"

[[projects]]
  branch = "master"
  digest = "1:8d1c112fb1679fa097e9a9255a786ee47383fa2549a3da71bcb1334a693ebcfe"
  name = "golang.org/x/oauth2"
  packages = [
    ".",
    "internal",
  ]
  pruneopts = "UT"
  revision = "0f29369cfe4552d0e4bcddc57cc75f4d7e672a33"

[[projects]]
  branch = "master"
  digest = "1:a2fc247e64b5dafd3251f12d396ec85f163d5bb38763c4997856addddf6e78d8"
  name = "golang.org/x/sync"
  packages = [
    "errgroup",
    "semaphore",
  ]
  pruneopts = "UT"
  revision = "cd5d95a43a6e21273425c7ae415d3df9ea832eeb"

[[projects]]
  branch = "master"
  digest = "1:2c482fc32bdcfc572ce8b9cc37a409ae8a24c604b0dde73301d8de05d2c1f3e7"
  name = "golang.org/x/sys"
  packages = [
    "unix",
    "windows",
  ]
  pruneopts = "UT"
  revision = "f43be2a4598cf3a47be9f94f0c28197ed9eae611"

[[projects]]
  digest = "1:8d8faad6b12a3a4c819a3f9618cb6ee1fa1cfc33253abeeea8b55336721e3405"
  name = "golang.org/x/text"
  packages = [
    "collate",
    "collate/build",
    "internal/colltab",
    "internal/gen",
    "internal/language",
    "internal/language/compact",
    "internal/tag",
    "internal/triegen",
    "internal/ucd",
    "language",
    "secure/bidirule",
    "transform",
    "unicode/bidi",
    "unicode/cldr",
    "unicode/norm",
    "unicode/rangetable",
  ]
  pruneopts = "UT"
  revision = "342b2e1fbaa52c93f31447ad2c6abc048c63e475"
  version = "v0.3.2"

[[projects]]
  branch = "master"
  digest = "1:a2f668c709f9078828e99cb1768cb02e876cb81030545046a32b54b2ac2a9ea8"
  name = "golang.org/x/time"
  packages = ["rate"]
  pruneopts = "UT"
  revision = "555d28b269f0569763d25dbe1a237ae74c6bcc82"

[[projects]]
  digest = "1:e0a1881f9e0564bebdeac98c75e59f07acdde6ed3a5396e0e613eaad31194866"
  name = "google.golang.org/appengine"
  packages = [
    "internal",
    "internal/base",
    "internal/datastore",
    "internal/log",
    "internal/remote_api",
    "internal/urlfetch",
    "urlfetch",
  ]
  pruneopts = "UT"
  revision = "971852bfffca25b069c31162ae8f247a3dba083b"
  version = "v1.6.5"

[[projects]]
  branch = "master"
  digest = "1:583a0c80f5e3a9343d33aea4aead1e1afcc0043db66fdf961ddd1fe8cd3a4faf"
  name = "google.golang.org/genproto"
  packages = ["googleapis/rpc/status"]
  pruneopts = "UT"
  revision = "919d9bdd9fe6f1a5dd95ce5d5e4cdb8fd3c516d0"

[[projects]]
  digest = "1:7fd79262cbb279c8e7143b41eeb0f181d267c83f4d54283ee5a53920b15b8c70"
  name = "google.golang.org/grpc"
  packages = [
    ".",
    "balancer",
    "balancer/base",
    "balancer/roundrobin",
    "binarylog/grpc_binarylog_v1",
    "codes",
    "connectivity",
    "credentials",
    "credentials/internal",
    "encoding",
    "encoding/proto",
    "grpclog",
    "health/grpc_health_v1",
    "internal",
    "internal/backoff",
    "internal/balancerload",
    "internal/binarylog",
    "internal/channelz",
    "internal/envconfig",
    "internal/grpcrand",
    "internal/grpcsync",
    "internal/syscall",
    "internal/transport",
    "keepalive",
    "metadata",
    "naming",
    "peer",
    "resolver",
    "resolver/dns",
    "resolver/passthrough",
    "serviceconfig",
    "stats",
    "status",
    "tap",
  ]
  pruneopts = "UT"
  revision = "f6d0f9ee430895e87ef1ceb5ac8f39725bafceef"
  version = "v1.24.0"

[[projects]]
  digest = "1:2d1fbdc6777e5408cabeb02bf336305e724b925ff4546ded0fa8715a7267922a"
  name = "gopkg.in/inf.v0"
  packages = ["."]
  pruneopts = "UT"
  revision = "d2d2541c53f18d2a059457998ce2876cc8e67cbf"
  version = "v0.9.1"

[[projects]]
  digest = "1:59f10c1537d2199d9115d946927fe31165959a95190849c82ff11e05803528b0"
  name = "gopkg.in/yaml.v2"
  packages = ["."]
  pruneopts = "UT"
  revision = "f221b8435cfb71e54062f6c6e99e9ade30b124d5"
  version = "v2.2.4"

[[projects]]
  digest = "1:86ad5797d1189de342ed6988fbb76b92dc0429a4d677ad69888d6137efa5712e"
  name = "k8s.io/api"
  packages = [
    "admissionregistration/v1beta1",
    "apps/v1",
    "apps/v1beta1",
    "apps/v1beta2",
    "auditregistration/v1alpha1",
    "authentication/v1",
    "authentication/v1beta1",
    "authorization/v1",
    "authorization/v1beta1",
    "autoscaling/v1",
    "autoscaling/v2beta1",
    "autoscaling/v2beta2",
    "batch/v1",
    "batch/v1beta1",
    "batch/v2alpha1",
    "certificates/v1beta1",
    "coordination/v1",
    "coordination/v1beta1",
    "core/v1",
    "events/v1beta1",
    "extensions/v1beta1",
    "networking/v1",
    "networking/v1beta1",
    "node/v1alpha1",
    "node/v1beta1",
    "policy/v1beta1",
    "rbac/v1",
    "rbac/v1alpha1",
    "rbac/v1beta1",
    "scheduling/v1",
    "scheduling/v1alpha1",
    "scheduling/v1beta1",
    "settings/v1alpha1",
    "storage/v1",
    "storage/v1alpha1",
    "storage/v1beta1",
  ]
  pruneopts = "UT"
  revision = "kubernetes-1.14.1"

[[projects]]
  digest = "1:78f6a824d205c6cb0d011cce241407646b773cb57ee27e8c7e027753b4111075"
  name = "k8s.io/apimachinery"
  packages = [
    "pkg/api/errors",
    "pkg/api/meta",
    "pkg/api/resource",
    "pkg/apis/meta/v1",
    "pkg/apis/meta/v1/unstructured",
    "pkg/apis/meta/v1beta1",
    "pkg/conversion",
    "pkg/conversion/queryparams",
    "pkg/fields",
    "pkg/labels",
    "pkg/runtime",
    "pkg/runtime/schema",
    "pkg/runtime/serializer",
    "pkg/runtime/serializer/json",
    "pkg/runtime/serializer/protobuf",
    "pkg/runtime/serializer/recognizer",
    "pkg/runtime/serializer/streaming",
    "pkg/runtime/serializer/versioning",
    "pkg/selection",
    "pkg/types",
    "pkg/util/clock",
    "pkg/util/errors",
    "pkg/util/framer",
    "pkg/util/intstr",
    "pkg/util/json",
    "pkg/util/naming",
    "pkg/util/net",
    "pkg/util/runtime",
    "pkg/util/sets",
    "pkg/util/validation",
    "pkg/util/validation/field",
    "pkg/util/yaml",
    "pkg/version",
    "pkg/watch",
    "third_party/forked/golang/reflect",
  ]
  pruneopts = "UT"
  revision = "kubernetes-1.14.1"

[[projects]]
  digest = "1:a9ef9a25c89197f3975e4918ef9cb4c5df34c57ffe44b01f451b34711f9a31b2"
  name = "k8s.io/client-go"
  packages = [
    "kubernetes/scheme",
    "kubernetes/typed/core/v1",
    "pkg/apis/clientauthentication",
    "pkg/apis/clientauthentication/v1alpha1",
    "pkg/apis/clientauthentication/v1beta1",
    "pkg/version",
    "plugin/pkg/client/auth/exec",
    "rest",
    "rest/watch",
    "tools/auth",
    "tools/clientcmd",
    "tools/clientcmd/api",
    "tools/clientcmd/api/latest",
    "tools/clientcmd/api/v1",
    "tools/metrics",
    "tools/reference",
    "transport",
    "util/cert",
    "util/connrotation",
    "util/flowcontrol",
    "util/homedir",
    "util/keyutil",
  ]
  pruneopts = "UT"
  revision = "kubernetes-1.14.1"

[[projects]]
  digest = "1:93e82f25d75aba18436ad1ac042cb49493f096011f2541075721ed6f9e05c044"
  name = "k8s.io/klog"
  packages = ["."]
  pruneopts = "UT"
  revision = "2ca9ad30301bf30a8a6e0fa2110db6b8df699a91"
  version = "v1.0.0"

[[projects]]
  branch = "master"
  digest = "1:8a5e4720aca8a94c876d960a2b86afcaf98e8ded4b5bd7fe42d920806b292c57"
  name = "k8s.io/utils"
  packages = ["integer"]
  pruneopts = "UT"
  revision = "2b95a09bc58df43d4032504619706b6a38293a47"

[[projects]]
  digest = "1:7719608fe0b52a4ece56c2dde37bedd95b938677d1ab0f84b8a7852e4c59f849"
  name = "sigs.k8s.io/yaml"
  packages = ["."]
  pruneopts = "UT"
  revision = "fd68e9863619f6ec2fdd8625fe1f02e7c877e480"
  version = "v1.1.0"

[[projects]]
  branch = "master"
  digest = "1:9132eacc44d9bd1e03145ea2e9d4888800da7773d6edebb401f8cd34c9fb8380"
  name = "vbom.ml/util"
  packages = ["sortorder"]
  pruneopts = "UT"
  revision = "efcd4e0f97874370259c7d93e12aad57911dea81"

[solve-meta]
  analyzer-name = "dep"
  analyzer-version = 1
  input-imports = [
    "github.com/docker/app/types",
    "github.com/hashicorp/nomad/api",
  ]
  solver-name = "gps-cdcl"
  solver-version = 1
