# This file is autogenerated, do not edit; changes may be undone by the next 'dep ensure'.


[[projects]]
  digest = "1:e3f17aa0eb8c151426d23cb767ae50f5b42c46533db3424761ee639b56ab9041"
  name = "github.com/gorhill/cronexpr"
  packages = ["."]
  pruneopts = "UT"
  revision = "a557574d6c024ed6e36acc8b610f5f211c91568a"
  version = "1.0.0"

[[projects]]
  digest = "1:1bc9dcc281195158e176890c409db734295cfd4b2637c97e3e1ff76967b431f6"
  name = "github.com/gorilla/websocket"
  packages = ["."]
  pruneopts = "UT"
  revision = "0ec3d1bd7fe50c503d6df98ee649d81f4857c564"

[[projects]]
  digest = "1:12caf34c93cadf2673f54566a96d9101cbfd580275d01f15a54ed319e7eca6ac"
  name = "github.com/hashicorp/go-cleanhttp"
  packages = ["."]
  pruneopts = "UT"
  revision = "a45970658e51fea2c41445ff0f7e07106d007617"

[[projects]]
  digest = "1:45aad874d3c7d5e8610427c81870fb54970b981692930ec2a319ce4cb89d7a00"
  name = "github.com/hashicorp/go-rootcerts"
  packages = ["."]
  pruneopts = "UT"
  revision = "6bb64b370b90e7ef1fa532be9e591a81c3493e00"

[[projects]]
  digest = "1:5a56021cd04588774f38b280ef9e518da6170f7ab9ffaebf0a3c2a2d63f8f12c"
  name = "github.com/hashicorp/nomad"
  packages = [
    "api",
    "api/contexts",
  ]
  pruneopts = "UT"
  revision = "6a8b80b619aa98df8dbd94f1cb9d3f4614f2cb3d"
  version = "v0.10.0"

[[projects]]
  digest = "1:5d231480e1c64a726869bc4142d270184c419749d34f167646baa21008eb0a79"
  name = "github.com/mitchellh/go-homedir"
  packages = ["."]
  pruneopts = "UT"
  revision = "af06845cf3004701891bf4fdb884bfe4920b3727"
  version = "v1.1.0"

[solve-meta]
  analyzer-name = "dep"
  analyzer-version = 1
  input-imports = ["github.com/hashicorp/nomad/api"]
  solver-name = "gps-cdcl"
  solver-version = 1
